
Microsoft Visual Studio Solution File, Format Version 12.00
# Visual Studio Version 17
VisualStudioVersion = 17.14.36518.9 d17.14
MinimumVisualStudioVersion = 10.0.40219.1
Project("{FAE04EC0-301F-11D3-BF4B-00C04F79EFBC}") = "quadrato", "quadrato\quadrato.csproj", "{64CF2AB9-2D9E-4E80-AE61-A5FDA00F454A}"
EndProject
Global
	GlobalSection(SolutionConfigurationPlatforms) = preSolution
		Debug|Any CPU = Debug|Any CPU
		Release|Any CPU = Release|Any CPU
	EndGlobalSection
	GlobalSection(ProjectConfigurationPlatforms) = postSolution
		{64CF2AB9-2D9E-4E80-AE61-A5FDA00F454A}.Debug|Any CPU.ActiveCfg = Debug|Any CPU
		{64CF2AB9-2D9E-4E80-AE61-A5FDA00F454A}.Debug|Any CPU.Build.0 = Debug|Any CPU
		{64CF2AB9-2D9E-4E80-AE61-A5FDA00F454A}.Release|Any CPU.ActiveCfg = Release|Any CPU
		{64CF2AB9-2D9E-4E80-AE61-A5FDA00F454A}.Release|Any CPU.Build.0 = Release|Any CPU
	EndGlobalSection
	GlobalSection(SolutionProperties) = preSolution
		HideSolutionNode = FALSE
	EndGlobalSection
	GlobalSection(ExtensibilityGlobals) = postSolution
		SolutionGuid = {FD423594-E3CC-487F-9C95-8033EDA401DF}
	EndGlobalSection
EndGlobal
